// !$*UTF8*$!
{
	archiveVersion = 1;
	classes = {
	};
	objectVersion = 46;
	objects = {

/* Begin PBXBuildFile section */
		221EA1351A5F239400166050 /* AdMart.png in Resources */ = {isa = PBXBuildFile; fileRef = 221EA1321A5F239400166050 /* AdMart.png */; };
		221EA1391A5F23D900166050 /* yellowBackground.png in Resources */ = {isa = PBXBuildFile; fileRef = 221EA1381A5F23D900166050 /* yellowBackground.png */; };
		221EA13B1A5F260100166050 /* buyButton1.png in Resources */ = {isa = PBXBuildFile; fileRef = 221EA13A1A5F260100166050 /* buyButton1.png */; };
		2236E9331A646D8A008D0196 /* PostViewController.m in Sources */ = {isa = PBXBuildFile; fileRef = 2236E9321A646D8A008D0196 /* PostViewController.m */; };
		2295A2A61A60A8CF006BAF5D /* Top-backDrop.png in Resources */ = {isa = PBXBuildFile; fileRef = 2295A2A51A60A8CF006BAF5D /* Top-backDrop.png */; };
		2295A2A91A60AC25006BAF5D /* leftTagButton.png in Resources */ = {isa = PBXBuildFile; fileRef = 2295A2A71A60AC25006BAF5D /* leftTagButton.png */; };
		2295A2AA1A60AC25006BAF5D /* rightTagButton.png in Resources */ = {isa = PBXBuildFile; fileRef = 2295A2A81A60AC25006BAF5D /* rightTagButton.png */; };
		22B9B4311A5F5C2700883648 /* sellButton.png in Resources */ = {isa = PBXBuildFile; fileRef = 22B9B4301A5F5C2700883648 /* sellButton.png */; };
		22D60C251A44AEBE008EA8C7 /* main.m in Sources */ = {isa = PBXBuildFile; fileRef = 22D60C241A44AEBE008EA8C7 /* main.m */; };
		22D60C281A44AEBE008EA8C7 /* AppDelegate.m in Sources */ = {isa = PBXBuildFile; fileRef = 22D60C271A44AEBE008EA8C7 /* AppDelegate.m */; };
		22D60C2B1A44AEBE008EA8C7 /* ViewController.m in Sources */ = {isa = PBXBuildFile; fileRef = 22D60C2A1A44AEBE008EA8C7 /* ViewController.m */; };
		22D60C2E1A44AEBE008EA8C7 /* Main.storyboard in Resources */ = {isa = PBXBuildFile; fileRef = 22D60C2C1A44AEBE008EA8C7 /* Main.storyboard */; };
		22D60C301A44AEBE008EA8C7 /* Images.xcassets in Resources */ = {isa = PBXBuildFile; fileRef = 22D60C2F1A44AEBE008EA8C7 /* Images.xcassets */; };
		22D60C331A44AEBE008EA8C7 /* LaunchScreen.xib in Resources */ = {isa = PBXBuildFile; fileRef = 22D60C311A44AEBE008EA8C7 /* LaunchScreen.xib */; };
		22D60C3F1A44AEBE008EA8C7 /* AdMart1Tests.m in Sources */ = {isa = PBXBuildFile; fileRef = 22D60C3E1A44AEBE008EA8C7 /* AdMart1Tests.m */; };
		22D60C491A44B740008EA8C7 /* AdMart - Draft1.jpg in Resources */ = {isa = PBXBuildFile; fileRef = 22D60C481A44B740008EA8C7 /* AdMart - Draft1.jpg */; };
		22D60C4F1A44B7C3008EA8C7 /* BrowseViewController.m in Sources */ = {isa = PBXBuildFile; fileRef = 22D60C4E1A44B7C3008EA8C7 /* BrowseViewController.m */; };
		22D60C511A44B7EB008EA8C7 /* Buyers-Draft1.jpg in Resources */ = {isa = PBXBuildFile; fileRef = 22D60C501A44B7EB008EA8C7 /* Buyers-Draft1.jpg */; };
		22D60C531A44B9FD008EA8C7 /* ChosenAd - Desc.jpg in Resources */ = {isa = PBXBuildFile; fileRef = 22D60C521A44B9FD008EA8C7 /* ChosenAd - Desc.jpg */; };
		22D60C561A44BBA4008EA8C7 /* ChosenAdViewController.m in Sources */ = {isa = PBXBuildFile; fileRef = 22D60C551A44BBA4008EA8C7 /* ChosenAdViewController.m */; };
		22D60C581A44BD35008EA8C7 /* Buyers-Draft1-status.jpg in Resources */ = {isa = PBXBuildFile; fileRef = 22D60C571A44BD35008EA8C7 /* Buyers-Draft1-status.jpg */; };
		22D60C5A1A44BD3C008EA8C7 /* ChosenAd - Draft1-statusbar.jpg in Resources */ = {isa = PBXBuildFile; fileRef = 22D60C591A44BD3C008EA8C7 /* ChosenAd - Draft1-statusbar.jpg */; };
		22D60C5C1A48E96B008EA8C7 /* MessageUI.framework in Frameworks */ = {isa = PBXBuildFile; fileRef = 22D60C5B1A48E96B008EA8C7 /* MessageUI.framework */; };
		22D60C5E1A48F61E008EA8C7 /* QuartzCore.framework in Frameworks */ = {isa = PBXBuildFile; fileRef = 22D60C5D1A48F61E008EA8C7 /* QuartzCore.framework */; };
		22D60C601A5B16F6008EA8C7 /* AdMart-iPadStoryboard.storyboard in Resources */ = {isa = PBXBuildFile; fileRef = 22D60C5F1A5B16F6008EA8C7 /* AdMart-iPadStoryboard.storyboard */; };
		22D60C621A5B220A008EA8C7 /* AdMart-iPad(PostAd).png in Resources */ = {isa = PBXBuildFile; fileRef = 22D60C611A5B220A008EA8C7 /* AdMart-iPad(PostAd).png */; };
		22D60C651A5B24E9008EA8C7 /* iPadPostViewController.m in Sources */ = {isa = PBXBuildFile; fileRef = 22D60C641A5B24E9008EA8C7 /* iPadPostViewController.m */; };
		22D60C671A5B584A008EA8C7 /* AdMart-iPad(Home).png in Resources */ = {isa = PBXBuildFile; fileRef = 22D60C661A5B584A008EA8C7 /* AdMart-iPad(Home).png */; };
		22E5DF061A5CC19A00B1C6F2 /* PaymentViewController.m in Sources */ = {isa = PBXBuildFile; fileRef = 22E5DF051A5CC19A00B1C6F2 /* PaymentViewController.m */; };
/* End PBXBuildFile section */

/* Begin PBXContainerItemProxy section */
		22D60C391A44AEBE008EA8C7 /* PBXContainerItemProxy */ = {
			isa = PBXContainerItemProxy;
			containerPortal = 22D60C171A44AEBE008EA8C7 /* Project object */;
			proxyType = 1;
			remoteGlobalIDString = 22D60C1E1A44AEBE008EA8C7;
			remoteInfo = AdMart1;
		};
/* End PBXContainerItemProxy section */

/* Begin PBXFileReference section */
		221EA1321A5F239400166050 /* AdMart.png */ = {isa = PBXFileReference; lastKnownFileType = image.png; name = AdMart.png; path = ../../AdMart.png; sourceTree = "<group>"; };
		221EA1381A5F23D900166050 /* yellowBackground.png */ = {isa = PBXFileReference; lastKnownFileType = image.png; name = yellowBackground.png; path = ../../yellowBackground.png; sourceTree = "<group>"; };
		221EA13A1A5F260100166050 /* buyButton1.png */ = {isa = PBXFileReference; lastKnownFileType = image.png; name = buyButton1.png; path = ../../buyButton1.png; sourceTree = "<group>"; };
		2236E9311A646D8A008D0196 /* PostViewController.h */ = {isa = PBXFileReference; fileEncoding = 4; lastKnownFileType = sourcecode.c.h; path = PostViewController.h; sourceTree = "<group>"; };
		2236E9321A646D8A008D0196 /* PostViewController.m */ = {isa = PBXFileReference; fileEncoding = 4; lastKnownFileType = sourcecode.c.objc; path = PostViewController.m; sourceTree = "<group>"; };
		2295A2A51A60A8CF006BAF5D /* Top-backDrop.png */ = {isa = PBXFileReference; lastKnownFileType = image.png; name = "Top-backDrop.png"; path = "../../Top-backDrop.png"; sourceTree = "<group>"; };
		2295A2A71A60AC25006BAF5D /* leftTagButton.png */ = {isa = PBXFileReference; lastKnownFileType = image.png; name = leftTagButton.png; path = ../../leftTagButton.png; sourceTree = "<group>"; };
		2295A2A81A60AC25006BAF5D /* rightTagButton.png */ = {isa = PBXFileReference; lastKnownFileType = image.png; name = rightTagButton.png; path = ../../rightTagButton.png; sourceTree = "<group>"; };
		22B9B4301A5F5C2700883648 /* sellButton.png */ = {isa = PBXFileReference; lastKnownFileType = image.png; name = sellButton.png; path = ../../sellButton.png; sourceTree = "<group>"; };
		22D60C1F1A44AEBE008EA8C7 /* AdMart1.app */ = {isa = PBXFileReference; explicitFileType = wrapper.application; includeInIndex = 0; path = AdMart1.app; sourceTree = BUILT_PRODUCTS_DIR; };
		22D60C231A44AEBE008EA8C7 /* Info.plist */ = {isa = PBXFileReference; lastKnownFileType = text.plist.xml; path = Info.plist; sourceTree = "<group>"; };
		22D60C241A44AEBE008EA8C7 /* main.m */ = {isa = PBXFileReference; lastKnownFileType = sourcecode.c.objc; path = main.m; sourceTree = "<group>"; };
		22D60C261A44AEBE008EA8C7 /* AppDelegate.h */ = {isa = PBXFileReference; lastKnownFileType = sourcecode.c.h; path = AppDelegate.h; sourceTree = "<group>"; };
		22D60C271A44AEBE008EA8C7 /* AppDelegate.m */ = {isa = PBXFileReference; lastKnownFileType = sourcecode.c.objc; path = AppDelegate.m; sourceTree = "<group>"; };
		22D60C291A44AEBE008EA8C7 /* ViewController.h */ = {isa = PBXFileReference; lastKnownFileType = sourcecode.c.h; path = ViewController.h; sourceTree = "<group>"; };
		22D60C2A1A44AEBE008EA8C7 /* ViewController.m */ = {isa = PBXFileReference; lastKnownFileType = sourcecode.c.objc; path = ViewController.m; sourceTree = "<group>"; };
		22D60C2D1A44AEBE008EA8C7 /* Base */ = {isa = PBXFileReference; lastKnownFileType = file.storyboard; name = Base; path = Base.lproj/Main.storyboard; sourceTree = "<group>"; };
		22D60C2F1A44AEBE008EA8C7 /* Images.xcassets */ = {isa = PBXFileReference; lastKnownFileType = folder.assetcatalog; path = Images.xcassets; sourceTree = "<group>"; };
		22D60C321A44AEBE008EA8C7 /* Base */ = {isa = PBXFileReference; lastKnownFileType = file.xib; name = Base; path = Base.lproj/LaunchScreen.xib; sourceTree = "<group>"; };
		22D60C381A44AEBE008EA8C7 /* AdMart1Tests.xctest */ = {isa = PBXFileReference; explicitFileType = wrapper.cfbundle; includeInIndex = 0; path = AdMart1Tests.xctest; sourceTree = BUILT_PRODUCTS_DIR; };
		22D60C3D1A44AEBE008EA8C7 /* Info.plist */ = {isa = PBXFileReference; lastKnownFileType = text.plist.xml; path = Info.plist; sourceTree = "<group>"; };
		22D60C3E1A44AEBE008EA8C7 /* AdMart1Tests.m */ = {isa = PBXFileReference; lastKnownFileType = sourcecode.c.objc; path = AdMart1Tests.m; sourceTree = "<group>"; };
		22D60C481A44B740008EA8C7 /* AdMart - Draft1.jpg */ = {isa = PBXFileReference; lastKnownFileType = image.jpeg; name = "AdMart - Draft1.jpg"; path = "../../../Downloads/AdMart - Draft1.jpg"; sourceTree = "<group>"; };
		22D60C4D1A44B7C3008EA8C7 /* BrowseViewController.h */ = {isa = PBXFileReference; fileEncoding = 4; lastKnownFileType = sourcecode.c.h; name = BrowseViewController.h; path = ../BrowseViewController.h; sourceTree = "<group>"; };
		22D60C4E1A44B7C3008EA8C7 /* BrowseViewController.m */ = {isa = PBXFileReference; fileEncoding = 4; lastKnownFileType = sourcecode.c.objc; name = BrowseViewController.m; path = ../BrowseViewController.m; sourceTree = "<group>"; };
		22D60C501A44B7EB008EA8C7 /* Buyers-Draft1.jpg */ = {isa = PBXFileReference; lastKnownFileType = image.jpeg; name = "Buyers-Draft1.jpg"; path = "../../../Downloads/Buyers-Draft1.jpg"; sourceTree = "<group>"; };
		22D60C521A44B9FD008EA8C7 /* ChosenAd - Desc.jpg */ = {isa = PBXFileReference; lastKnownFileType = image.jpeg; name = "ChosenAd - Desc.jpg"; path = "../../../Downloads/ChosenAd - Desc.jpg"; sourceTree = "<group>"; };
		22D60C541A44BBA4008EA8C7 /* ChosenAdViewController.h */ = {isa = PBXFileReference; fileEncoding = 4; lastKnownFileType = sourcecode.c.h; path = ChosenAdViewController.h; sourceTree = "<group>"; };
		22D60C551A44BBA4008EA8C7 /* ChosenAdViewController.m */ = {isa = PBXFileReference; fileEncoding = 4; lastKnownFileType = sourcecode.c.objc; path = ChosenAdViewController.m; sourceTree = "<group>"; };
		22D60C571A44BD35008EA8C7 /* Buyers-Draft1-status.jpg */ = {isa = PBXFileReference; lastKnownFileType = image.jpeg; name = "Buyers-Draft1-status.jpg"; path = "../../../Downloads/Buyers-Draft1-status.jpg"; sourceTree = "<group>"; };
		22D60C591A44BD3C008EA8C7 /* ChosenAd - Draft1-statusbar.jpg */ = {isa = PBXFileReference; lastKnownFileType = image.jpeg; name = "ChosenAd - Draft1-statusbar.jpg"; path = "../../../Downloads/ChosenAd - Draft1-statusbar.jpg"; sourceTree = "<group>"; };
		22D60C5B1A48E96B008EA8C7 /* MessageUI.framework */ = {isa = PBXFileReference; lastKnownFileType = wrapper.framework; name = MessageUI.framework; path = System/Library/Frameworks/MessageUI.framework; sourceTree = SDKROOT; };
		22D60C5D1A48F61E008EA8C7 /* QuartzCore.framework */ = {isa = PBXFileReference; lastKnownFileType = wrapper.framework; name = QuartzCore.framework; path = System/Library/Frameworks/QuartzCore.framework; sourceTree = SDKROOT; };
		22D60C5F1A5B16F6008EA8C7 /* AdMart-iPadStoryboard.storyboard */ = {isa = PBXFileReference; fileEncoding = 4; lastKnownFileType = file.storyboard; path = "AdMart-iPadStoryboard.storyboard"; sourceTree = "<group>"; };
		22D60C611A5B220A008EA8C7 /* AdMart-iPad(PostAd).png */ = {isa = PBXFileReference; lastKnownFileType = image.png; name = "AdMart-iPad(PostAd).png"; path = "../../AdMart-iPad(PostAd).png"; sourceTree = "<group>"; };
		22D60C631A5B24E9008EA8C7 /* iPadPostViewController.h */ = {isa = PBXFileReference; fileEncoding = 4; lastKnownFileType = sourcecode.c.h; path = iPadPostViewController.h; sourceTree = "<group>"; };
		22D60C641A5B24E9008EA8C7 /* iPadPostViewController.m */ = {isa = PBXFileReference; fileEncoding = 4; lastKnownFileType = sourcecode.c.objc; path = iPadPostViewController.m; sourceTree = "<group>"; };
		22D60C661A5B584A008EA8C7 /* AdMart-iPad(Home).png */ = {isa = PBXFileReference; lastKnownFileType = image.png; name = "AdMart-iPad(Home).png"; path = "../../../Downloads/AdMart-iPad(Home).png"; sourceTree = "<group>"; };
		22E5DF041A5CC19A00B1C6F2 /* PaymentViewController.h */ = {isa = PBXFileReference; fileEncoding = 4; lastKnownFileType = sourcecode.c.h; path = PaymentViewController.h; sourceTree = "<group>"; };
		22E5DF051A5CC19A00B1C6F2 /* PaymentViewController.m */ = {isa = PBXFileReference; fileEncoding = 4; lastKnownFileType = sourcecode.c.objc; path = PaymentViewController.m; sourceTree = "<group>"; };
/* End PBXFileReference section */

/* Begin PBXFrameworksBuildPhase section */
		22D60C1C1A44AEBE008EA8C7 /* Frameworks */ = {
			isa = PBXFrameworksBuildPhase;
			buildActionMask = 2147483647;
			files = (
				22D60C5E1A48F61E008EA8C7 /* QuartzCore.framework in Frameworks */,
				22D60C5C1A48E96B008EA8C7 /* MessageUI.framework in Frameworks */,
			);
			runOnlyForDeploymentPostprocessing = 0;
		};
		22D60C351A44AEBE008EA8C7 /* Frameworks */ = {
			isa = PBXFrameworksBuildPhase;
			buildActionMask = 2147483647;
			files = (
			);
			runOnlyForDeploymentPostprocessing = 0;
		};
/* End PBXFrameworksBuildPhase section */

/* Begin PBXGroup section */
		22D60C161A44AEBE008EA8C7 = {
			isa = PBXGroup;
			children = (
				22D60C5D1A48F61E008EA8C7 /* QuartzCore.framework */,
				22D60C5B1A48E96B008EA8C7 /* MessageUI.framework */,
				22D60C211A44AEBE008EA8C7 /* AdMart1 */,
				22D60C3B1A44AEBE008EA8C7 /* AdMart1Tests */,
				22D60C201A44AEBE008EA8C7 /* Products */,
			);
			sourceTree = "<group>";
		};
		22D60C201A44AEBE008EA8C7 /* Products */ = {
			isa = PBXGroup;
			children = (
				22D60C1F1A44AEBE008EA8C7 /* AdMart1.app */,
				22D60C381A44AEBE008EA8C7 /* AdMart1Tests.xctest */,
			);
			name = Products;
			sourceTree = "<group>";
		};
		22D60C211A44AEBE008EA8C7 /* AdMart1 */ = {
			isa = PBXGroup;
			children = (
				2295A2A71A60AC25006BAF5D /* leftTagButton.png */,
				2295A2A81A60AC25006BAF5D /* rightTagButton.png */,
				2295A2A51A60A8CF006BAF5D /* Top-backDrop.png */,
				22B9B4301A5F5C2700883648 /* sellButton.png */,
				221EA1381A5F23D900166050 /* yellowBackground.png */,
				221EA13A1A5F260100166050 /* buyButton1.png */,
				221EA1321A5F239400166050 /* AdMart.png */,
				22D60C611A5B220A008EA8C7 /* AdMart-iPad(PostAd).png */,
				22D60C661A5B584A008EA8C7 /* AdMart-iPad(Home).png */,
				22D60C481A44B740008EA8C7 /* AdMart - Draft1.jpg */,
				22D60C501A44B7EB008EA8C7 /* Buyers-Draft1.jpg */,
				22D60C571A44BD35008EA8C7 /* Buyers-Draft1-status.jpg */,
				22D60C521A44B9FD008EA8C7 /* ChosenAd - Desc.jpg */,
				22D60C591A44BD3C008EA8C7 /* ChosenAd - Draft1-statusbar.jpg */,
				22D60C261A44AEBE008EA8C7 /* AppDelegate.h */,
				22D60C271A44AEBE008EA8C7 /* AppDelegate.m */,
				22D60C291A44AEBE008EA8C7 /* ViewController.h */,
				22D60C2A1A44AEBE008EA8C7 /* ViewController.m */,
				22D60C4D1A44B7C3008EA8C7 /* BrowseViewController.h */,
				22D60C4E1A44B7C3008EA8C7 /* BrowseViewController.m */,
				22D60C541A44BBA4008EA8C7 /* ChosenAdViewController.h */,
				22D60C551A44BBA4008EA8C7 /* ChosenAdViewController.m */,
				22D60C2C1A44AEBE008EA8C7 /* Main.storyboard */,
				2236E9311A646D8A008D0196 /* PostViewController.h */,
				2236E9321A646D8A008D0196 /* PostViewController.m */,
				22E5DF041A5CC19A00B1C6F2 /* PaymentViewController.h */,
				22E5DF051A5CC19A00B1C6F2 /* PaymentViewController.m */,
				22D60C5F1A5B16F6008EA8C7 /* AdMart-iPadStoryboard.storyboard */,
				22D60C631A5B24E9008EA8C7 /* iPadPostViewController.h */,
				22D60C641A5B24E9008EA8C7 /* iPadPostViewController.m */,
				22D60C2F1A44AEBE008EA8C7 /* Images.xcassets */,
				22D60C311A44AEBE008EA8C7 /* LaunchScreen.xib */,
				22D60C221A44AEBE008EA8C7 /* Supporting Files */,
			);
			path = AdMart1;
			sourceTree = "<group>";
		};
		22D60C221A44AEBE008EA8C7 /* Supporting Files */ = {
			isa = PBXGroup;
			children = (
				22D60C231A44AEBE008EA8C7 /* Info.plist */,
				22D60C241A44AEBE008EA8C7 /* main.m */,
			);
			name = "Supporting Files";
			sourceTree = "<group>";
		};
		22D60C3B1A44AEBE008EA8C7 /* AdMart1Tests */ = {
			isa = PBXGroup;
			children = (
				22D60C3E1A44AEBE008EA8C7 /* AdMart1Tests.m */,
				22D60C3C1A44AEBE008EA8C7 /* Supporting Files */,
			);
			path = AdMart1Tests;
			sourceTree = "<group>";
		};
		22D60C3C1A44AEBE008EA8C7 /* Supporting Files */ = {
			isa = PBXGroup;
			children = (
				22D60C3D1A44AEBE008EA8C7 /* Info.plist */,
			);
			name = "Supporting Files";
			sourceTree = "<group>";
		};
/* End PBXGroup section */

/* Begin PBXNativeTarget section */
		22D60C1E1A44AEBE008EA8C7 /* AdMart1 */ = {
			isa = PBXNativeTarget;
			buildConfigurationList = 22D60C421A44AEBE008EA8C7 /* Build configuration list for PBXNativeTarget "AdMart1" */;
			buildPhases = (
				22D60C1B1A44AEBE008EA8C7 /* Sources */,
				22D60C1C1A44AEBE008EA8C7 /* Frameworks */,
				22D60C1D1A44AEBE008EA8C7 /* Resources */,
			);
			buildRules = (
			);
			dependencies = (
			);
			name = AdMart1;
			productName = AdMart1;
			productReference = 22D60C1F1A44AEBE008EA8C7 /* AdMart1.app */;
			productType = "com.apple.product-type.application";
		};
		22D60C371A44AEBE008EA8C7 /* AdMart1Tests */ = {
			isa = PBXNativeTarget;
			buildConfigurationList = 22D60C451A44AEBE008EA8C7 /* Build configuration list for PBXNativeTarget "AdMart1Tests" */;
			buildPhases = (
				22D60C341A44AEBE008EA8C7 /* Sources */,
				22D60C351A44AEBE008EA8C7 /* Frameworks */,
				22D60C361A44AEBE008EA8C7 /* Resources */,
			);
			buildRules = (
			);
			dependencies = (
				22D60C3A1A44AEBE008EA8C7 /* PBXTargetDependency */,
			);
			name = AdMart1Tests;
			productName = AdMart1Tests;
			productReference = 22D60C381A44AEBE008EA8C7 /* AdMart1Tests.xctest */;
			productType = "com.apple.product-type.bundle.unit-test";
		};
/* End PBXNativeTarget section */

/* Begin PBXProject section */
		22D60C171A44AEBE008EA8C7 /* Project object */ = {
			isa = PBXProject;
			attributes = {
				LastUpgradeCheck = 0610;
				ORGANIZATIONNAME = kerlex2;
				TargetAttributes = {
					22D60C1E1A44AEBE008EA8C7 = {
						CreatedOnToolsVersion = 6.1.1;
						DevelopmentTeam = 93E2HR7CZ6;
					};
					22D60C371A44AEBE008EA8C7 = {
						CreatedOnToolsVersion = 6.1.1;
						TestTargetID = 22D60C1E1A44AEBE008EA8C7;
					};
				};
			};
			buildConfigurationList = 22D60C1A1A44AEBE008EA8C7 /* Build configuration list for PBXProject "AdMart1" */;
			compatibilityVersion = "Xcode 3.2";
			developmentRegion = English;
			hasScannedForEncodings = 0;
			knownRegions = (
				en,
				Base,
			);
			mainGroup = 22D60C161A44AEBE008EA8C7;
			productRefGroup = 22D60C201A44AEBE008EA8C7 /* Products */;
			projectDirPath = "";
			projectRoot = "";
			targets = (
				22D60C1E1A44AEBE008EA8C7 /* AdMart1 */,
				22D60C371A44AEBE008EA8C7 /* AdMart1Tests */,
			);
		};
/* End PBXProject section */

/* Begin PBXResourcesBuildPhase section */
		22D60C1D1A44AEBE008EA8C7 /* Resources */ = {
			isa = PBXResourcesBuildPhase;
			buildActionMask = 2147483647;
			files = (
				22D60C5A1A44BD3C008EA8C7 /* ChosenAd - Draft1-statusbar.jpg in Resources */,
				2295A2A91A60AC25006BAF5D /* leftTagButton.png in Resources */,
				22D60C2E1A44AEBE008EA8C7 /* Main.storyboard in Resources */,
				22B9B4311A5F5C2700883648 /* sellButton.png in Resources */,
				22D60C621A5B220A008EA8C7 /* AdMart-iPad(PostAd).png in Resources */,
				221EA1391A5F23D900166050 /* yellowBackground.png in Resources */,
				22D60C511A44B7EB008EA8C7 /* Buyers-Draft1.jpg in Resources */,
				22D60C671A5B584A008EA8C7 /* AdMart-iPad(Home).png in Resources */,
				22D60C601A5B16F6008EA8C7 /* AdMart-iPadStoryboard.storyboard in Resources */,
				221EA13B1A5F260100166050 /* buyButton1.png in Resources */,
				2295A2A61A60A8CF006BAF5D /* Top-backDrop.png in Resources */,
				2295A2AA1A60AC25006BAF5D /* rightTagButton.png in Resources */,
				221EA1351A5F239400166050 /* AdMart.png in Resources */,
				22D60C331A44AEBE008EA8C7 /* LaunchScreen.xib in Resources */,
				22D60C581A44BD35008EA8C7 /* Buyers-Draft1-status.jpg in Resources */,
				22D60C491A44B740008EA8C7 /* AdMart - Draft1.jpg in Resources */,
				22D60C301A44AEBE008EA8C7 /* Images.xcassets in Resources */,
				22D60C531A44B9FD008EA8C7 /* ChosenAd - Desc.jpg in Resources */,
			);
			runOnlyForDeploymentPostprocessing = 0;
		};
		22D60C361A44AEBE008EA8C7 /* Resources */ = {
			isa = PBXResourcesBuildPhase;
			buildActionMask = 2147483647;
			files = (
			);
			runOnlyForDeploymentPostprocessing = 0;
		};
/* End PBXResourcesBuildPhase section */

/* Begin PBXSourcesBuildPhase section */
		22D60C1B1A44AEBE008EA8C7 /* Sources */ = {
			isa = PBXSourcesBuildPhase;
			buildActionMask = 2147483647;
			files = (
				22D60C2B1A44AEBE008EA8C7 /* ViewController.m in Sources */,
				22D60C281A44AEBE008EA8C7 /* AppDelegate.m in Sources */,
				22D60C651A5B24E9008EA8C7 /* iPadPostViewController.m in Sources */,
				22D60C4F1A44B7C3008EA8C7 /* BrowseViewController.m in Sources */,
				2236E9331A646D8A008D0196 /* PostViewController.m in Sources */,
				22D60C251A44AEBE008EA8C7 /* main.m in Sources */,
				22E5DF061A5CC19A00B1C6F2 /* PaymentViewController.m in Sources */,
				22D60C561A44BBA4008EA8C7 /* ChosenAdViewController.m in Sources */,
			);
			runOnlyForDeploymentPostprocessing = 0;
		};
		22D60C341A44AEBE008EA8C7 /* Sources */ = {
			isa = PBXSourcesBuildPhase;
			buildActionMask = 2147483647;
			files = (
				22D60C3F1A44AEBE008EA8C7 /* AdMart1Tests.m in Sources */,
			);
			runOnlyForDeploymentPostprocessing = 0;
		};
/* End PBXSourcesBuildPhase section */

/* Begin PBXTargetDependency section */
		22D60C3A1A44AEBE008EA8C7 /* PBXTargetDependency */ = {
			isa = PBXTargetDependency;
			target = 22D60C1E1A44AEBE008EA8C7 /* AdMart1 */;
			targetProxy = 22D60C391A44AEBE008EA8C7 /* PBXContainerItemProxy */;
		};
/* End PBXTargetDependency section */

/* Begin PBXVariantGroup section */
		22D60C2C1A44AEBE008EA8C7 /* Main.storyboard */ = {
			isa = PBXVariantGroup;
			children = (
				22D60C2D1A44AEBE008EA8C7 /* Base */,
			);
			name = Main.storyboard;
			sourceTree = "<group>";
		};
		22D60C311A44AEBE008EA8C7 /* LaunchScreen.xib */ = {
			isa = PBXVariantGroup;
			children = (
				22D60C321A44AEBE008EA8C7 /* Base */,
			);
			name = LaunchScreen.xib;
			sourceTree = "<group>";
		};
/* End PBXVariantGroup section */

/* Begin XCBuildConfiguration section */
		22D60C401A44AEBE008EA8C7 /* Debug */ = {
			isa = XCBuildConfiguration;
			buildSettings = {
				ALWAYS_SEARCH_USER_PATHS = NO;
				CLANG_CXX_LANGUAGE_STANDARD = "gnu++0x";
				CLANG_CXX_LIBRARY = "libc++";
				CLANG_ENABLE_MODULES = YES;
				CLANG_ENABLE_OBJC_ARC = YES;
				CLANG_WARN_BOOL_CONVERSION = YES;
				CLANG_WARN_CONSTANT_CONVERSION = YES;
				CLANG_WARN_DIRECT_OBJC_ISA_USAGE = YES_ERROR;
				CLANG_WARN_EMPTY_BODY = YES;
				CLANG_WARN_ENUM_CONVERSION = YES;
				CLANG_WARN_INT_CONVERSION = YES;
				CLANG_WARN_OBJC_ROOT_CLASS = YES_ERROR;
				CLANG_WARN_UNREACHABLE_CODE = YES;
				CLANG_WARN__DUPLICATE_METHOD_MATCH = YES;
				"CODE_SIGN_IDENTITY[sdk=iphoneos*]" = "iPhone Developer";
				COPY_PHASE_STRIP = NO;
				ENABLE_STRICT_OBJC_MSGSEND = YES;
				GCC_C_LANGUAGE_STANDARD = gnu99;
				GCC_DYNAMIC_NO_PIC = NO;
				GCC_OPTIMIZATION_LEVEL = 0;
				GCC_PREPROCESSOR_DEFINITIONS = (
					"DEBUG=1",
					"$(inherited)",
				);
				GCC_SYMBOLS_PRIVATE_EXTERN = NO;
				GCC_WARN_64_TO_32_BIT_CONVERSION = YES;
				GCC_WARN_ABOUT_RETURN_TYPE = YES_ERROR;
				GCC_WARN_UNDECLARED_SELECTOR = YES;
				GCC_WARN_UNINITIALIZED_AUTOS = YES_AGGRESSIVE;
				GCC_WARN_UNUSED_FUNCTION = YES;
				GCC_WARN_UNUSED_VARIABLE = YES;
				IPHONEOS_DEPLOYMENT_TARGET = 8.1;
				MTL_ENABLE_DEBUG_INFO = YES;
				ONLY_ACTIVE_ARCH = YES;
				SDKROOT = iphoneos;
				TARGETED_DEVICE_FAMILY = "1,2";
			};
			name = Debug;
		};
		22D60C411A44AEBE008EA8C7 /* Release */ = {
			isa = XCBuildConfiguration;
			buildSettings = {
				ALWAYS_SEARCH_USER_PATHS = NO;
				CLANG_CXX_LANGUAGE_STANDARD = "gnu++0x";
				CLANG_CXX_LIBRARY = "libc++";
				CLANG_ENABLE_MODULES = YES;
				CLANG_ENABLE_OBJC_ARC = YES;
				CLANG_WARN_BOOL_CONVERSION = YES;
				CLANG_WARN_CONSTANT_CONVERSION = YES;
				CLANG_WARN_DIRECT_OBJC_ISA_USAGE = YES_ERROR;
				CLANG_WARN_EMPTY_BODY = YES;
				CLANG_WARN_ENUM_CONVERSION = YES;
				CLANG_WARN_INT_CONVERSION = YES;
				CLANG_WARN_OBJC_ROOT_CLASS = YES_ERROR;
				CLANG_WARN_UNREACHABLE_CODE = YES;
				CLANG_WARN__DUPLICATE_METHOD_MATCH = YES;
				"CODE_SIGN_IDENTITY[sdk=iphoneos*]" = "iPhone Developer";
				COPY_PHASE_STRIP = YES;
				ENABLE_NS_ASSERTIONS = NO;
				ENABLE_STRICT_OBJC_MSGSEND = YES;
				GCC_C_LANGUAGE_STANDARD = gnu99;
				GCC_WARN_64_TO_32_BIT_CONVERSION = YES;
				GCC_WARN_ABOUT_RETURN_TYPE = YES_ERROR;
				GCC_WARN_UNDECLARED_SELECTOR = YES;
				GCC_WARN_UNINITIALIZED_AUTOS = YES_AGGRESSIVE;
				GCC_WARN_UNUSED_FUNCTION = YES;
				GCC_WARN_UNUSED_VARIABLE = YES;
				IPHONEOS_DEPLOYMENT_TARGET = 8.1;
				MTL_ENABLE_DEBUG_INFO = NO;
				SDKROOT = iphoneos;
				TARGETED_DEVICE_FAMILY = "1,2";
				VALIDATE_PRODUCT = YES;
			};
			name = Release;
		};
		22D60C431A44AEBE008EA8C7 /* Debug */ = {
			isa = XCBuildConfiguration;
			buildSettings = {
				ASSETCATALOG_COMPILER_APPICON_NAME = AppIcon;
				CODE_SIGN_IDENTITY = "iPhone Developer";
				INFOPLIST_FILE = AdMart1/Info.plist;
				LD_RUNPATH_SEARCH_PATHS = "$(inherited) @executable_path/Frameworks";
				PRODUCT_NAME = "$(TARGET_NAME)";
			};
			name = Debug;
		};
		22D60C441A44AEBE008EA8C7 /* Release */ = {
			isa = XCBuildConfiguration;
			buildSettings = {
				ASSETCATALOG_COMPILER_APPICON_NAME = AppIcon;
				CODE_SIGN_IDENTITY = "iPhone Developer";
				INFOPLIST_FILE = AdMart1/Info.plist;
				LD_RUNPATH_SEARCH_PATHS = "$(inherited) @executable_path/Frameworks";
				PRODUCT_NAME = "$(TARGET_NAME)";
			};
			name = Release;
		};
		22D60C461A44AEBE008EA8C7 /* Debug */ = {
			isa = XCBuildConfiguration;
			buildSettings = {
				BUNDLE_LOADER = "$(TEST_HOST)";
				FRAMEWORK_SEARCH_PATHS = (
					"$(SDKROOT)/Developer/Library/Frameworks",
					"$(inherited)",
				);
				GCC_PREPROCESSOR_DEFINITIONS = (
					"DEBUG=1",
					"$(inherited)",
				);
				INFOPLIST_FILE = AdMart1Tests/Info.plist;
				LD_RUNPATH_SEARCH_PATHS = "$(inherited) @executable_path/Frameworks @loader_path/Frameworks";
				PRODUCT_NAME = "$(TARGET_NAME)";
				TEST_HOST = "$(BUILT_PRODUCTS_DIR)/AdMart1.app/AdMart1";
			};
			name = Debug;
		};
		22D60C471A44AEBE008EA8C7 /* Release */ = {
			isa = XCBuildConfiguration;
			buildSettings = {
				BUNDLE_LOADER = "$(TEST_HOST)";
				FRAMEWORK_SEARCH_PATHS = (
					"$(SDKROOT)/Developer/Library/Frameworks",
					"$(inherited)",
				);
				INFOPLIST_FILE = AdMart1Tests/Info.plist;
				LD_RUNPATH_SEARCH_PATHS = "$(inherited) @executable_path/Frameworks @loader_path/Frameworks";
				PRODUCT_NAME = "$(TARGET_NAME)";
				TEST_HOST = "$(BUILT_PRODUCTS_DIR)/AdMart1.app/AdMart1";
			};
			name = Release;
		};
/* End XCBuildConfiguration section */

/* Begin XCConfigurationList section */
		22D60C1A1A44AEBE008EA8C7 /* Build configuration list for PBXProject "AdMart1" */ = {
			isa = XCConfigurationList;
			buildConfigurations = (
				22D60C401A44AEBE008EA8C7 /* Debug */,
				22D60C411A44AEBE008EA8C7 /* Release */,
			);
			defaultConfigurationIsVisible = 0;
			defaultConfigurationName = Release;
		};
		22D60C421A44AEBE008EA8C7 /* Build configuration list for PBXNativeTarget "AdMart1" */ = {
			isa = XCConfigurationList;
			buildConfigurations = (
				22D60C431A44AEBE008EA8C7 /* Debug */,
				22D60C441A44AEBE008EA8C7 /* Release */,
			);
			defaultConfigurationIsVisible = 0;
			defaultConfigurationName = Release;
		};
		22D60C451A44AEBE008EA8C7 /* Build configuration list for PBXNativeTarget "AdMart1Tests" */ = {
			isa = XCConfigurationList;
			buildConfigurations = (
				22D60C461A44AEBE008EA8C7 /* Debug */,
				22D60C471A44AEBE008EA8C7 /* Release */,
			);
			defaultConfigurationIsVisible = 0;
			defaultConfigurationName = Release;
		};
/* End XCConfigurationList section */
	};
	rootObject = 22D60C171A44AEBE008EA8C7 /* Project object */;
}
